
Microsoft Visual Studio Solution File, Format Version 12.00
# Visual Studio Version 17
VisualStudioVersion = 17.6.33829.357
MinimumVisualStudioVersion = 10.0.40219.1
Project("{FAE04EC0-301F-11D3-BF4B-00C04F79EFBC}") = "RankingApp", "RankingApp\RankingApp.csproj", "{F2048ED4-06BC-4CB1-9BF5-DD7F3ECCB038}"
EndProject
Global
	GlobalSection(SolutionConfigurationPlatforms) = preSolution
		Debug|Any CPU = Debug|Any CPU
		Release|Any CPU = Release|Any CPU
	EndGlobalSection
	GlobalSection(ProjectConfigurationPlatforms) = postSolution
		{F2048ED4-06BC-4CB1-9BF5-DD7F3ECCB038}.Debug|Any CPU.ActiveCfg = Debug|Any CPU
		{F2048ED4-06BC-4CB1-9BF5-DD7F3ECCB038}.Debug|Any CPU.Build.0 = Debug|Any CPU
		{F2048ED4-06BC-4CB1-9BF5-DD7F3ECCB038}.Release|Any CPU.ActiveCfg = Release|Any CPU
		{F2048ED4-06BC-4CB1-9BF5-DD7F3ECCB038}.Release|Any CPU.Build.0 = Release|Any CPU
	EndGlobalSection
	GlobalSection(SolutionProperties) = preSolution
		HideSolutionNode = FALSE
	EndGlobalSection
	GlobalSection(ExtensibilityGlobals) = postSolution
		SolutionGuid = {98917EE7-3B27-4D67-93E6-6B36B7FEB3EF}
	EndGlobalSection
EndGlobal
